// !$*UTF8*$!
{
	archiveVersion = 1;
	classes = {
	};
	objectVersion = 56;
	objects = {

/* Begin PBXBuildFile section */
		C90C0CCE28E097C4000DAF7D /* FlickrTests.swift in Sources */ = {isa = PBXBuildFile; fileRef = C90C0CCD28E097C4000DAF7D /* FlickrTests.swift */; };
		C9C9898828DCE16700DBCA52 /* FlickrApp.swift in Sources */ = {isa = PBXBuildFile; fileRef = C9C9898728DCE16700DBCA52 /* FlickrApp.swift */; };
		C9C9898C28DCE16700DBCA52 /* Assets.xcassets in Resources */ = {isa = PBXBuildFile; fileRef = C9C9898B28DCE16700DBCA52 /* Assets.xcassets */; };
		C9C9898F28DCE16700DBCA52 /* Preview Assets.xcassets in Resources */ = {isa = PBXBuildFile; fileRef = C9C9898E28DCE16700DBCA52 /* Preview Assets.xcassets */; };
		C9C9899D28DCF00200DBCA52 /* Session.swift in Sources */ = {isa = PBXBuildFile; fileRef = C9C9899628DCF00200DBCA52 /* Session.swift */; };
		C9C9899E28DCF00200DBCA52 /* Environment.swift in Sources */ = {isa = PBXBuildFile; fileRef = C9C9899728DCF00200DBCA52 /* Environment.swift */; };
		C9C9899F28DCF00200DBCA52 /* Error.swift in Sources */ = {isa = PBXBuildFile; fileRef = C9C9899828DCF00200DBCA52 /* Error.swift */; };
		C9C989A028DCF00200DBCA52 /* NetworkService.swift in Sources */ = {isa = PBXBuildFile; fileRef = C9C9899928DCF00200DBCA52 /* NetworkService.swift */; };
		C9C989A128DCF00200DBCA52 /* NetworkProvider.swift in Sources */ = {isa = PBXBuildFile; fileRef = C9C9899A28DCF00200DBCA52 /* NetworkProvider.swift */; };
		C9C989A228DCF00200DBCA52 /* NetworkProviderProtocol.swift in Sources */ = {isa = PBXBuildFile; fileRef = C9C9899B28DCF00200DBCA52 /* NetworkProviderProtocol.swift */; };
		C9C989A328DCF00200DBCA52 /* SessionProtocol.swift in Sources */ = {isa = PBXBuildFile; fileRef = C9C9899C28DCF00200DBCA52 /* SessionProtocol.swift */; };
		C9C989A628DCF01B00DBCA52 /* PhotosRepository.swift in Sources */ = {isa = PBXBuildFile; fileRef = C9C989A528DCF01B00DBCA52 /* PhotosRepository.swift */; };
		C9C989AA28DCF02800DBCA52 /* CommonServices.swift in Sources */ = {isa = PBXBuildFile; fileRef = C9C989A828DCF02800DBCA52 /* CommonServices.swift */; };
		C9C989AB28DCF02800DBCA52 /* PhotosService.swift in Sources */ = {isa = PBXBuildFile; fileRef = C9C989A928DCF02800DBCA52 /* PhotosService.swift */; };
		C9C989AE28DCF03200DBCA52 /* PhotosResult.swift in Sources */ = {isa = PBXBuildFile; fileRef = C9C989AD28DCF03200DBCA52 /* PhotosResult.swift */; };
		C9C989B228DCF03E00DBCA52 /* SearchPhotosViewModel.swift in Sources */ = {isa = PBXBuildFile; fileRef = C9C989B028DCF03E00DBCA52 /* SearchPhotosViewModel.swift */; };
		C9C989B328DCF03E00DBCA52 /* SearchPhotosView.swift in Sources */ = {isa = PBXBuildFile; fileRef = C9C989B128DCF03E00DBCA52 /* SearchPhotosView.swift */; };
		C9C989CC28DCF05D00DBCA52 /* ImageView.swift in Sources */ = {isa = PBXBuildFile; fileRef = C9C989C128DCF05D00DBCA52 /* ImageView.swift */; };
		C9D13E6F28DF365F002DC04F /* Navigation.swift in Sources */ = {isa = PBXBuildFile; fileRef = C9D13E6E28DF365F002DC04F /* Navigation.swift */; };
		C9D69DE228DF6046003F67AD /* View+Extensions.swift in Sources */ = {isa = PBXBuildFile; fileRef = C9D69DE128DF6046003F67AD /* View+Extensions.swift */; };
/* End PBXBuildFile section */

/* Begin PBXContainerItemProxy section */
		C90C0CCF28E097C4000DAF7D /* PBXContainerItemProxy */ = {
			isa = PBXContainerItemProxy;
			containerPortal = C9C9897C28DCE16700DBCA52 /* Project object */;
			proxyType = 1;
			remoteGlobalIDString = C9C9898328DCE16700DBCA52;
			remoteInfo = Flickr;
		};
/* End PBXContainerItemProxy section */

/* Begin PBXFileReference section */
		C90C0CCB28E097C4000DAF7D /* FlickrTests.xctest */ = {isa = PBXFileReference; explicitFileType = wrapper.cfbundle; includeInIndex = 0; path = FlickrTests.xctest; sourceTree = BUILT_PRODUCTS_DIR; };
		C90C0CCD28E097C4000DAF7D /* FlickrTests.swift */ = {isa = PBXFileReference; lastKnownFileType = sourcecode.swift; path = FlickrTests.swift; sourceTree = "<group>"; };
		C9C9898428DCE16700DBCA52 /* Flickr.app */ = {isa = PBXFileReference; explicitFileType = wrapper.application; includeInIndex = 0; path = Flickr.app; sourceTree = BUILT_PRODUCTS_DIR; };
		C9C9898728DCE16700DBCA52 /* FlickrApp.swift */ = {isa = PBXFileReference; lastKnownFileType = sourcecode.swift; path = FlickrApp.swift; sourceTree = "<group>"; };
		C9C9898B28DCE16700DBCA52 /* Assets.xcassets */ = {isa = PBXFileReference; lastKnownFileType = folder.assetcatalog; path = Assets.xcassets; sourceTree = "<group>"; };
		C9C9898E28DCE16700DBCA52 /* Preview Assets.xcassets */ = {isa = PBXFileReference; lastKnownFileType = folder.assetcatalog; path = "Preview Assets.xcassets"; sourceTree = "<group>"; };
		C9C9899628DCF00200DBCA52 /* Session.swift */ = {isa = PBXFileReference; fileEncoding = 4; lastKnownFileType = sourcecode.swift; path = Session.swift; sourceTree = "<group>"; };
		C9C9899728DCF00200DBCA52 /* Environment.swift */ = {isa = PBXFileReference; fileEncoding = 4; lastKnownFileType = sourcecode.swift; path = Environment.swift; sourceTree = "<group>"; };
		C9C9899828DCF00200DBCA52 /* Error.swift */ = {isa = PBXFileReference; fileEncoding = 4; lastKnownFileType = sourcecode.swift; path = Error.swift; sourceTree = "<group>"; };
		C9C9899928DCF00200DBCA52 /* NetworkService.swift */ = {isa = PBXFileReference; fileEncoding = 4; lastKnownFileType = sourcecode.swift; path = NetworkService.swift; sourceTree = "<group>"; };
		C9C9899A28DCF00200DBCA52 /* NetworkProvider.swift */ = {isa = PBXFileReference; fileEncoding = 4; lastKnownFileType = sourcecode.swift; path = NetworkProvider.swift; sourceTree = "<group>"; };
		C9C9899B28DCF00200DBCA52 /* NetworkProviderProtocol.swift */ = {isa = PBXFileReference; fileEncoding = 4; lastKnownFileType = sourcecode.swift; path = NetworkProviderProtocol.swift; sourceTree = "<group>"; };
		C9C9899C28DCF00200DBCA52 /* SessionProtocol.swift */ = {isa = PBXFileReference; fileEncoding = 4; lastKnownFileType = sourcecode.swift; path = SessionProtocol.swift; sourceTree = "<group>"; };
		C9C989A528DCF01B00DBCA52 /* PhotosRepository.swift */ = {isa = PBXFileReference; fileEncoding = 4; lastKnownFileType = sourcecode.swift; path = PhotosRepository.swift; sourceTree = "<group>"; };
		C9C989A828DCF02800DBCA52 /* CommonServices.swift */ = {isa = PBXFileReference; fileEncoding = 4; lastKnownFileType = sourcecode.swift; path = CommonServices.swift; sourceTree = "<group>"; };
		C9C989A928DCF02800DBCA52 /* PhotosService.swift */ = {isa = PBXFileReference; fileEncoding = 4; lastKnownFileType = sourcecode.swift; path = PhotosService.swift; sourceTree = "<group>"; };
		C9C989AD28DCF03200DBCA52 /* PhotosResult.swift */ = {isa = PBXFileReference; fileEncoding = 4; lastKnownFileType = sourcecode.swift; path = PhotosResult.swift; sourceTree = "<group>"; };
		C9C989B028DCF03E00DBCA52 /* SearchPhotosViewModel.swift */ = {isa = PBXFileReference; fileEncoding = 4; lastKnownFileType = sourcecode.swift; path = SearchPhotosViewModel.swift; sourceTree = "<group>"; };
		C9C989B128DCF03E00DBCA52 /* SearchPhotosView.swift */ = {isa = PBXFileReference; fileEncoding = 4; lastKnownFileType = sourcecode.swift; path = SearchPhotosView.swift; sourceTree = "<group>"; };
		C9C989C128DCF05D00DBCA52 /* ImageView.swift */ = {isa = PBXFileReference; fileEncoding = 4; lastKnownFileType = sourcecode.swift; path = ImageView.swift; sourceTree = "<group>"; };
		C9D13E6E28DF365F002DC04F /* Navigation.swift */ = {isa = PBXFileReference; fileEncoding = 4; lastKnownFileType = sourcecode.swift; path = Navigation.swift; sourceTree = "<group>"; };
		C9D69DE128DF6046003F67AD /* View+Extensions.swift */ = {isa = PBXFileReference; fileEncoding = 4; lastKnownFileType = sourcecode.swift; path = "View+Extensions.swift"; sourceTree = "<group>"; };
/* End PBXFileReference section */

/* Begin PBXFrameworksBuildPhase section */
		C90C0CC828E097C4000DAF7D /* Frameworks */ = {
			isa = PBXFrameworksBuildPhase;
			buildActionMask = 2147483647;
			files = (
			);
			runOnlyForDeploymentPostprocessing = 0;
		};
		C9C9898128DCE16700DBCA52 /* Frameworks */ = {
			isa = PBXFrameworksBuildPhase;
			buildActionMask = 2147483647;
			files = (
			);
			runOnlyForDeploymentPostprocessing = 0;
		};
/* End PBXFrameworksBuildPhase section */

/* Begin PBXGroup section */
		C90C0CCC28E097C4000DAF7D /* FlickrTests */ = {
			isa = PBXGroup;
			children = (
				C90C0CCD28E097C4000DAF7D /* FlickrTests.swift */,
			);
			path = FlickrTests;
			sourceTree = "<group>";
		};
		C9C9897B28DCE16700DBCA52 = {
			isa = PBXGroup;
			children = (
				C9C9898628DCE16700DBCA52 /* Flickr */,
				C90C0CCC28E097C4000DAF7D /* FlickrTests */,
				C9C9898528DCE16700DBCA52 /* Products */,
			);
			sourceTree = "<group>";
		};
		C9C9898528DCE16700DBCA52 /* Products */ = {
			isa = PBXGroup;
			children = (
				C9C9898428DCE16700DBCA52 /* Flickr.app */,
				C90C0CCB28E097C4000DAF7D /* FlickrTests.xctest */,
			);
			name = Products;
			sourceTree = "<group>";
		};
		C9C9898628DCE16700DBCA52 /* Flickr */ = {
			isa = PBXGroup;
			children = (
				C9C989B428DCF05D00DBCA52 /* CoreKit */,
				C9C989AF28DCF03E00DBCA52 /* SearchPlaces */,
				C9C989AC28DCF03200DBCA52 /* Models */,
				C9C989A728DCF02800DBCA52 /* Services */,
				C9C989A428DCF01B00DBCA52 /* Repositories */,
				C9C9899528DCF00200DBCA52 /* NetworkProvider */,
				C9C9898728DCE16700DBCA52 /* FlickrApp.swift */,
				C9C9898B28DCE16700DBCA52 /* Assets.xcassets */,
				C9C9898D28DCE16700DBCA52 /* Preview Content */,
			);
			path = Flickr;
			sourceTree = "<group>";
		};
		C9C9898D28DCE16700DBCA52 /* Preview Content */ = {
			isa = PBXGroup;
			children = (
				C9C9898E28DCE16700DBCA52 /* Preview Assets.xcassets */,
			);
			path = "Preview Content";
			sourceTree = "<group>";
		};
		C9C9899528DCF00200DBCA52 /* NetworkProvider */ = {
			isa = PBXGroup;
			children = (
				C9C9899628DCF00200DBCA52 /* Session.swift */,
				C9C9899728DCF00200DBCA52 /* Environment.swift */,
				C9C9899828DCF00200DBCA52 /* Error.swift */,
				C9C9899928DCF00200DBCA52 /* NetworkService.swift */,
				C9C9899A28DCF00200DBCA52 /* NetworkProvider.swift */,
				C9C9899B28DCF00200DBCA52 /* NetworkProviderProtocol.swift */,
				C9C9899C28DCF00200DBCA52 /* SessionProtocol.swift */,
			);
			path = NetworkProvider;
			sourceTree = "<group>";
		};
		C9C989A428DCF01B00DBCA52 /* Repositories */ = {
			isa = PBXGroup;
			children = (
				C9C989A528DCF01B00DBCA52 /* PhotosRepository.swift */,
			);
			path = Repositories;
			sourceTree = "<group>";
		};
		C9C989A728DCF02800DBCA52 /* Services */ = {
			isa = PBXGroup;
			children = (
				C9C989A828DCF02800DBCA52 /* CommonServices.swift */,
				C9C989A928DCF02800DBCA52 /* PhotosService.swift */,
			);
			path = Services;
			sourceTree = "<group>";
		};
		C9C989AC28DCF03200DBCA52 /* Models */ = {
			isa = PBXGroup;
			children = (
				C9C989AD28DCF03200DBCA52 /* PhotosResult.swift */,
			);
			path = Models;
			sourceTree = "<group>";
		};
		C9C989AF28DCF03E00DBCA52 /* SearchPlaces */ = {
			isa = PBXGroup;
			children = (
				C9C989B028DCF03E00DBCA52 /* SearchPhotosViewModel.swift */,
				C9C989B128DCF03E00DBCA52 /* SearchPhotosView.swift */,
			);
			path = SearchPlaces;
			sourceTree = "<group>";
		};
		C9C989B428DCF05D00DBCA52 /* CoreKit */ = {
			isa = PBXGroup;
			children = (
				C9D69DE028DF6046003F67AD /* View+Extensions */,
				C9C989B728DCF05D00DBCA52 /* Views */,
			);
			path = CoreKit;
			sourceTree = "<group>";
		};
		C9C989B728DCF05D00DBCA52 /* Views */ = {
			isa = PBXGroup;
			children = (
				C9D13E6E28DF365F002DC04F /* Navigation.swift */,
				C9C989C128DCF05D00DBCA52 /* ImageView.swift */,
			);
			path = Views;
			sourceTree = "<group>";
		};
		C9D69DE028DF6046003F67AD /* View+Extensions */ = {
			isa = PBXGroup;
			children = (
				C9D69DE128DF6046003F67AD /* View+Extensions.swift */,
			);
			path = "View+Extensions";
			sourceTree = "<group>";
		};
/* End PBXGroup section */

/* Begin PBXNativeTarget section */
		C90C0CCA28E097C4000DAF7D /* FlickrTests */ = {
			isa = PBXNativeTarget;
			buildConfigurationList = C90C0CD128E097C4000DAF7D /* Build configuration list for PBXNativeTarget "FlickrTests" */;
			buildPhases = (
				C90C0CC728E097C4000DAF7D /* Sources */,
				C90C0CC828E097C4000DAF7D /* Frameworks */,
				C90C0CC928E097C4000DAF7D /* Resources */,
			);
			buildRules = (
			);
			dependencies = (
				C90C0CD028E097C4000DAF7D /* PBXTargetDependency */,
			);
			name = FlickrTests;
			productName = FlickrTests;
			productReference = C90C0CCB28E097C4000DAF7D /* FlickrTests.xctest */;
			productType = "com.apple.product-type.bundle.unit-test";
		};
		C9C9898328DCE16700DBCA52 /* Flickr */ = {
			isa = PBXNativeTarget;
			buildConfigurationList = C9C9899228DCE16700DBCA52 /* Build configuration list for PBXNativeTarget "Flickr" */;
			buildPhases = (
				C9C9898028DCE16700DBCA52 /* Sources */,
				C9C9898128DCE16700DBCA52 /* Frameworks */,
				C9C9898228DCE16700DBCA52 /* Resources */,
			);
			buildRules = (
			);
			dependencies = (
			);
			name = Flickr;
			packageProductDependencies = (
			);
			productName = Flickr;
			productReference = C9C9898428DCE16700DBCA52 /* Flickr.app */;
			productType = "com.apple.product-type.application";
		};
/* End PBXNativeTarget section */

/* Begin PBXProject section */
		C9C9897C28DCE16700DBCA52 /* Project object */ = {
			isa = PBXProject;
			attributes = {
				BuildIndependentTargetsInParallel = 1;
				LastSwiftUpdateCheck = 1400;
				LastUpgradeCheck = 1400;
				TargetAttributes = {
					C90C0CCA28E097C4000DAF7D = {
						CreatedOnToolsVersion = 14.0;
						TestTargetID = C9C9898328DCE16700DBCA52;
					};
					C9C9898328DCE16700DBCA52 = {
						CreatedOnToolsVersion = 14.0;
					};
				};
			};
			buildConfigurationList = C9C9897F28DCE16700DBCA52 /* Build configuration list for PBXProject "Flickr" */;
			compatibilityVersion = "Xcode 14.0";
			developmentRegion = en;
			hasScannedForEncodings = 0;
			knownRegions = (
				en,
				Base,
			);
			mainGroup = C9C9897B28DCE16700DBCA52;
			packageReferences = (
			);
			productRefGroup = C9C9898528DCE16700DBCA52 /* Products */;
			projectDirPath = "";
			projectRoot = "";
			targets = (
				C9C9898328DCE16700DBCA52 /* Flickr */,
				C90C0CCA28E097C4000DAF7D /* FlickrTests */,
			);
		};
/* End PBXProject section */

/* Begin PBXResourcesBuildPhase section */
		C90C0CC928E097C4000DAF7D /* Resources */ = {
			isa = PBXResourcesBuildPhase;
			buildActionMask = 2147483647;
			files = (
			);
			runOnlyForDeploymentPostprocessing = 0;
		};
		C9C9898228DCE16700DBCA52 /* Resources */ = {
			isa = PBXResourcesBuildPhase;
			buildActionMask = 2147483647;
			files = (
				C9C9898F28DCE16700DBCA52 /* Preview Assets.xcassets in Resources */,
				C9C9898C28DCE16700DBCA52 /* Assets.xcassets in Resources */,
			);
			runOnlyForDeploymentPostprocessing = 0;
		};
/* End PBXResourcesBuildPhase section */

/* Begin PBXSourcesBuildPhase section */
		C90C0CC728E097C4000DAF7D /* Sources */ = {
			isa = PBXSourcesBuildPhase;
			buildActionMask = 2147483647;
			files = (
				C90C0CCE28E097C4000DAF7D /* FlickrTests.swift in Sources */,
			);
			runOnlyForDeploymentPostprocessing = 0;
		};
		C9C9898028DCE16700DBCA52 /* Sources */ = {
			isa = PBXSourcesBuildPhase;
			buildActionMask = 2147483647;
			files = (
				C9C989A128DCF00200DBCA52 /* NetworkProvider.swift in Sources */,
				C9C9899E28DCF00200DBCA52 /* Environment.swift in Sources */,
				C9C989AE28DCF03200DBCA52 /* PhotosResult.swift in Sources */,
				C9C989CC28DCF05D00DBCA52 /* ImageView.swift in Sources */,
				C9C989A628DCF01B00DBCA52 /* PhotosRepository.swift in Sources */,
				C9C9898828DCE16700DBCA52 /* FlickrApp.swift in Sources */,
				C9C989B328DCF03E00DBCA52 /* SearchPhotosView.swift in Sources */,
				C9D69DE228DF6046003F67AD /* View+Extensions.swift in Sources */,
				C9C989B228DCF03E00DBCA52 /* SearchPhotosViewModel.swift in Sources */,
				C9C9899F28DCF00200DBCA52 /* Error.swift in Sources */,
				C9C989A328DCF00200DBCA52 /* SessionProtocol.swift in Sources */,
				C9C989A028DCF00200DBCA52 /* NetworkService.swift in Sources */,
				C9D13E6F28DF365F002DC04F /* Navigation.swift in Sources */,
				C9C9899D28DCF00200DBCA52 /* Session.swift in Sources */,
				C9C989A228DCF00200DBCA52 /* NetworkProviderProtocol.swift in Sources */,
				C9C989AA28DCF02800DBCA52 /* CommonServices.swift in Sources */,
				C9C989AB28DCF02800DBCA52 /* PhotosService.swift in Sources */,
			);
			runOnlyForDeploymentPostprocessing = 0;
		};
/* End PBXSourcesBuildPhase section */

/* Begin PBXTargetDependency section */
		C90C0CD028E097C4000DAF7D /* PBXTargetDependency */ = {
			isa = PBXTargetDependency;
			target = C9C9898328DCE16700DBCA52 /* Flickr */;
			targetProxy = C90C0CCF28E097C4000DAF7D /* PBXContainerItemProxy */;
		};
/* End PBXTargetDependency section */

/* Begin XCBuildConfiguration section */
		C90C0CD228E097C4000DAF7D /* Debug */ = {
			isa = XCBuildConfiguration;
			buildSettings = {
				BUNDLE_LOADER = "$(TEST_HOST)";
				CODE_SIGN_STYLE = Automatic;
				CURRENT_PROJECT_VERSION = 1;
				GENERATE_INFOPLIST_FILE = YES;
				MARKETING_VERSION = 1.0;
				PRODUCT_BUNDLE_IDENTIFIER = com.vishal.FlickrTests;
				PRODUCT_NAME = "$(TARGET_NAME)";
				SWIFT_EMIT_LOC_STRINGS = NO;
				SWIFT_VERSION = 5.0;
				TARGETED_DEVICE_FAMILY = "1,2";
				TEST_HOST = "$(BUILT_PRODUCTS_DIR)/Flickr.app/$(BUNDLE_EXECUTABLE_FOLDER_PATH)/Flickr";
			};
			name = Debug;
		};
		C90C0CD328E097C4000DAF7D /* Release */ = {
			isa = XCBuildConfiguration;
			buildSettings = {
				BUNDLE_LOADER = "$(TEST_HOST)";
				CODE_SIGN_STYLE = Automatic;
				CURRENT_PROJECT_VERSION = 1;
				GENERATE_INFOPLIST_FILE = YES;
				MARKETING_VERSION = 1.0;
				PRODUCT_BUNDLE_IDENTIFIER = com.vishal.FlickrTests;
				PRODUCT_NAME = "$(TARGET_NAME)";
				SWIFT_EMIT_LOC_STRINGS = NO;
				SWIFT_VERSION = 5.0;
				TARGETED_DEVICE_FAMILY = "1,2";
				TEST_HOST = "$(BUILT_PRODUCTS_DIR)/Flickr.app/$(BUNDLE_EXECUTABLE_FOLDER_PATH)/Flickr";
			};
			name = Release;
		};
		C9C9899028DCE16700DBCA52 /* Debug */ = {
			isa = XCBuildConfiguration;
			buildSettings = {
				ALWAYS_SEARCH_USER_PATHS = NO;
				CLANG_ANALYZER_NONNULL = YES;
				CLANG_ANALYZER_NUMBER_OBJECT_CONVERSION = YES_AGGRESSIVE;
				CLANG_CXX_LANGUAGE_STANDARD = "gnu++20";
				CLANG_ENABLE_MODULES = YES;
				CLANG_ENABLE_OBJC_ARC = YES;
				CLANG_ENABLE_OBJC_WEAK = YES;
				CLANG_WARN_BLOCK_CAPTURE_AUTORELEASING = YES;
				CLANG_WARN_BOOL_CONVERSION = YES;
				CLANG_WARN_COMMA = YES;
				CLANG_WARN_CONSTANT_CONVERSION = YES;
				CLANG_WARN_DEPRECATED_OBJC_IMPLEMENTATIONS = YES;
				CLANG_WARN_DIRECT_OBJC_ISA_USAGE = YES_ERROR;
				CLANG_WARN_DOCUMENTATION_COMMENTS = YES;
				CLANG_WARN_EMPTY_BODY = YES;
				CLANG_WARN_ENUM_CONVERSION = YES;
				CLANG_WARN_INFINITE_RECURSION = YES;
				CLANG_WARN_INT_CONVERSION = YES;
				CLANG_WARN_NON_LITERAL_NULL_CONVERSION = YES;
				CLANG_WARN_OBJC_IMPLICIT_RETAIN_SELF = YES;
				CLANG_WARN_OBJC_LITERAL_CONVERSION = YES;
				CLANG_WARN_OBJC_ROOT_CLASS = YES_ERROR;
				CLANG_WARN_QUOTED_INCLUDE_IN_FRAMEWORK_HEADER = YES;
				CLANG_WARN_RANGE_LOOP_ANALYSIS = YES;
				CLANG_WARN_STRICT_PROTOTYPES = YES;
				CLANG_WARN_SUSPICIOUS_MOVE = YES;
				CLANG_WARN_UNGUARDED_AVAILABILITY = YES_AGGRESSIVE;
				CLANG_WARN_UNREACHABLE_CODE = YES;
				CLANG_WARN__DUPLICATE_METHOD_MATCH = YES;
				COPY_PHASE_STRIP = NO;
				DEBUG_INFORMATION_FORMAT = dwarf;
				ENABLE_STRICT_OBJC_MSGSEND = YES;
				ENABLE_TESTABILITY = YES;
				GCC_C_LANGUAGE_STANDARD = gnu11;
				GCC_DYNAMIC_NO_PIC = NO;
				GCC_NO_COMMON_BLOCKS = YES;
				GCC_OPTIMIZATION_LEVEL = 0;
				GCC_PREPROCESSOR_DEFINITIONS = (
					"DEBUG=1",
					"$(inherited)",
				);
				GCC_WARN_64_TO_32_BIT_CONVERSION = YES;
				GCC_WARN_ABOUT_RETURN_TYPE = YES_ERROR;
				GCC_WARN_UNDECLARED_SELECTOR = YES;
				GCC_WARN_UNINITIALIZED_AUTOS = YES_AGGRESSIVE;
				GCC_WARN_UNUSED_FUNCTION = YES;
				GCC_WARN_UNUSED_VARIABLE = YES;
				IPHONEOS_DEPLOYMENT_TARGET = 16.0;
				MTL_ENABLE_DEBUG_INFO = INCLUDE_SOURCE;
				MTL_FAST_MATH = YES;
				ONLY_ACTIVE_ARCH = YES;
				SDKROOT = iphoneos;
				SWIFT_ACTIVE_COMPILATION_CONDITIONS = DEBUG;
				SWIFT_OPTIMIZATION_LEVEL = "-Onone";
			};
			name = Debug;
		};
		C9C9899128DCE16700DBCA52 /* Release */ = {
			isa = XCBuildConfiguration;
			buildSettings = {
				ALWAYS_SEARCH_USER_PATHS = NO;
				CLANG_ANALYZER_NONNULL = YES;
				CLANG_ANALYZER_NUMBER_OBJECT_CONVERSION = YES_AGGRESSIVE;
				CLANG_CXX_LANGUAGE_STANDARD = "gnu++20";
				CLANG_ENABLE_MODULES = YES;
				CLANG_ENABLE_OBJC_ARC = YES;
				CLANG_ENABLE_OBJC_WEAK = YES;
				CLANG_WARN_BLOCK_CAPTURE_AUTORELEASING = YES;
				CLANG_WARN_BOOL_CONVERSION = YES;
				CLANG_WARN_COMMA = YES;
				CLANG_WARN_CONSTANT_CONVERSION = YES;
				CLANG_WARN_DEPRECATED_OBJC_IMPLEMENTATIONS = YES;
				CLANG_WARN_DIRECT_OBJC_ISA_USAGE = YES_ERROR;
				CLANG_WARN_DOCUMENTATION_COMMENTS = YES;
				CLANG_WARN_EMPTY_BODY = YES;
				CLANG_WARN_ENUM_CONVERSION = YES;
				CLANG_WARN_INFINITE_RECURSION = YES;
				CLANG_WARN_INT_CONVERSION = YES;
				CLANG_WARN_NON_LITERAL_NULL_CONVERSION = YES;
				CLANG_WARN_OBJC_IMPLICIT_RETAIN_SELF = YES;
				CLANG_WARN_OBJC_LITERAL_CONVERSION = YES;
				CLANG_WARN_OBJC_ROOT_CLASS = YES_ERROR;
				CLANG_WARN_QUOTED_INCLUDE_IN_FRAMEWORK_HEADER = YES;
				CLANG_WARN_RANGE_LOOP_ANALYSIS = YES;
				CLANG_WARN_STRICT_PROTOTYPES = YES;
				CLANG_WARN_SUSPICIOUS_MOVE = YES;
				CLANG_WARN_UNGUARDED_AVAILABILITY = YES_AGGRESSIVE;
				CLANG_WARN_UNREACHABLE_CODE = YES;
				CLANG_WARN__DUPLICATE_METHOD_MATCH = YES;
				COPY_PHASE_STRIP = NO;
				DEBUG_INFORMATION_FORMAT = "dwarf-with-dsym";
				ENABLE_NS_ASSERTIONS = NO;
				ENABLE_STRICT_OBJC_MSGSEND = YES;
				GCC_C_LANGUAGE_STANDARD = gnu11;
				GCC_NO_COMMON_BLOCKS = YES;
				GCC_WARN_64_TO_32_BIT_CONVERSION = YES;
				GCC_WARN_ABOUT_RETURN_TYPE = YES_ERROR;
				GCC_WARN_UNDECLARED_SELECTOR = YES;
				GCC_WARN_UNINITIALIZED_AUTOS = YES_AGGRESSIVE;
				GCC_WARN_UNUSED_FUNCTION = YES;
				GCC_WARN_UNUSED_VARIABLE = YES;
				IPHONEOS_DEPLOYMENT_TARGET = 16.0;
				MTL_ENABLE_DEBUG_INFO = NO;
				MTL_FAST_MATH = YES;
				SDKROOT = iphoneos;
				SWIFT_COMPILATION_MODE = wholemodule;
				SWIFT_OPTIMIZATION_LEVEL = "-O";
				VALIDATE_PRODUCT = YES;
			};
			name = Release;
		};
		C9C9899328DCE16700DBCA52 /* Debug */ = {
			isa = XCBuildConfiguration;
			buildSettings = {
				ASSETCATALOG_COMPILER_APPICON_NAME = AppIcon;
				ASSETCATALOG_COMPILER_GLOBAL_ACCENT_COLOR_NAME = AccentColor;
				CODE_SIGN_STYLE = Automatic;
				CURRENT_PROJECT_VERSION = 1;
				DEVELOPMENT_ASSET_PATHS = "\"Flickr/Preview Content\"";
				DEVELOPMENT_TEAM = SVKXCL5QB5;
				ENABLE_PREVIEWS = YES;
				GENERATE_INFOPLIST_FILE = YES;
				INFOPLIST_KEY_UIApplicationSceneManifest_Generation = YES;
				INFOPLIST_KEY_UIApplicationSupportsIndirectInputEvents = YES;
				INFOPLIST_KEY_UILaunchScreen_Generation = YES;
				INFOPLIST_KEY_UISupportedInterfaceOrientations = UIInterfaceOrientationPortrait;
				INFOPLIST_KEY_UISupportedInterfaceOrientations_iPad = "UIInterfaceOrientationLandscapeLeft UIInterfaceOrientationLandscapeRight UIInterfaceOrientationPortrait UIInterfaceOrientationPortraitUpsideDown";
				IPHONEOS_DEPLOYMENT_TARGET = 15.0;
				LD_RUNPATH_SEARCH_PATHS = (
					"$(inherited)",
					"@executable_path/Frameworks",
				);
				MARKETING_VERSION = 1.0;
				PRODUCT_BUNDLE_IDENTIFIER = com.vishal.Flickr;
				PRODUCT_NAME = "$(TARGET_NAME)";
				SWIFT_EMIT_LOC_STRINGS = YES;
				SWIFT_VERSION = 5.0;
				TARGETED_DEVICE_FAMILY = "1,2";
			};
			name = Debug;
		};
		C9C9899428DCE16700DBCA52 /* Release */ = {
			isa = XCBuildConfiguration;
			buildSettings = {
				ASSETCATALOG_COMPILER_APPICON_NAME = AppIcon;
				ASSETCATALOG_COMPILER_GLOBAL_ACCENT_COLOR_NAME = AccentColor;
				CODE_SIGN_STYLE = Automatic;
				CURRENT_PROJECT_VERSION = 1;
				DEVELOPMENT_ASSET_PATHS = "\"Flickr/Preview Content\"";
				DEVELOPMENT_TEAM = SVKXCL5QB5;
				ENABLE_PREVIEWS = YES;
				GENERATE_INFOPLIST_FILE = YES;
				INFOPLIST_KEY_UIApplicationSceneManifest_Generation = YES;
				INFOPLIST_KEY_UIApplicationSupportsIndirectInputEvents = YES;
				INFOPLIST_KEY_UILaunchScreen_Generation = YES;
				INFOPLIST_KEY_UISupportedInterfaceOrientations = UIInterfaceOrientationPortrait;
				INFOPLIST_KEY_UISupportedInterfaceOrientations_iPad = "UIInterfaceOrientationLandscapeLeft UIInterfaceOrientationLandscapeRight UIInterfaceOrientationPortrait UIInterfaceOrientationPortraitUpsideDown";
				IPHONEOS_DEPLOYMENT_TARGET = 15.0;
				LD_RUNPATH_SEARCH_PATHS = (
					"$(inherited)",
					"@executable_path/Frameworks",
				);
				MARKETING_VERSION = 1.0;
				PRODUCT_BUNDLE_IDENTIFIER = com.vishal.Flickr;
				PRODUCT_NAME = "$(TARGET_NAME)";
				SWIFT_EMIT_LOC_STRINGS = YES;
				SWIFT_VERSION = 5.0;
				TARGETED_DEVICE_FAMILY = "1,2";
			};
			name = Release;
		};
/* End XCBuildConfiguration section */

/* Begin XCConfigurationList section */
		C90C0CD128E097C4000DAF7D /* Build configuration list for PBXNativeTarget "FlickrTests" */ = {
			isa = XCConfigurationList;
			buildConfigurations = (
				C90C0CD228E097C4000DAF7D /* Debug */,
				C90C0CD328E097C4000DAF7D /* Release */,
			);
			defaultConfigurationIsVisible = 0;
			defaultConfigurationName = Release;
		};
		C9C9897F28DCE16700DBCA52 /* Build configuration list for PBXProject "Flickr" */ = {
			isa = XCConfigurationList;
			buildConfigurations = (
				C9C9899028DCE16700DBCA52 /* Debug */,
				C9C9899128DCE16700DBCA52 /* Release */,
			);
			defaultConfigurationIsVisible = 0;
			defaultConfigurationName = Release;
		};
		C9C9899228DCE16700DBCA52 /* Build configuration list for PBXNativeTarget "Flickr" */ = {
			isa = XCConfigurationList;
			buildConfigurations = (
				C9C9899328DCE16700DBCA52 /* Debug */,
				C9C9899428DCE16700DBCA52 /* Release */,
			);
			defaultConfigurationIsVisible = 0;
			defaultConfigurationName = Release;
		};
/* End XCConfigurationList section */
	};
	rootObject = C9C9897C28DCE16700DBCA52 /* Project object */;
}
